// !$*UTF8*$!
{
	archiveVersion = 1;
	classes = {
	};
	objectVersion = 56;
	objects = {

/* Begin PBXBuildFile section */
		481D0B872C4A385D0012EF2D /* PWD_DrishtiApp.swift in Sources */ = {isa = PBXBuildFile; fileRef = 481D0B862C4A385D0012EF2D /* PWD_DrishtiApp.swift */; };
		481D0B892C4A385D0012EF2D /* ContentView.swift in Sources */ = {isa = PBXBuildFile; fileRef = 481D0B882C4A385D0012EF2D /* ContentView.swift */; };
		481D0B8B2C4A385F0012EF2D /* Assets.xcassets in Resources */ = {isa = PBXBuildFile; fileRef = 481D0B8A2C4A385F0012EF2D /* Assets.xcassets */; };
		481D0B8E2C4A385F0012EF2D /* Preview Assets.xcassets in Resources */ = {isa = PBXBuildFile; fileRef = 481D0B8D2C4A385F0012EF2D /* Preview Assets.xcassets */; };
		481D0B982C4A385F0012EF2D /* PWD_DrishtiTests.swift in Sources */ = {isa = PBXBuildFile; fileRef = 481D0B972C4A385F0012EF2D /* PWD_DrishtiTests.swift */; };
		481D0BA22C4A385F0012EF2D /* PWD_DrishtiUITests.swift in Sources */ = {isa = PBXBuildFile; fileRef = 481D0BA12C4A385F0012EF2D /* PWD_DrishtiUITests.swift */; };
		481D0BA42C4A385F0012EF2D /* PWD_DrishtiUITestsLaunchTests.swift in Sources */ = {isa = PBXBuildFile; fileRef = 481D0BA32C4A385F0012EF2D /* PWD_DrishtiUITestsLaunchTests.swift */; };
		48D75A382C638CD100BADE70 /* Demo.swift in Sources */ = {isa = PBXBuildFile; fileRef = 48D75A372C638CD100BADE70 /* Demo.swift */; };
		48D75A3F2C64A07500BADE70 /* Location.xcdatamodeld in Sources */ = {isa = PBXBuildFile; fileRef = 48D75A3D2C64A07500BADE70 /* Location.xcdatamodeld */; };
		48D75A412C64A10100BADE70 /* AppDelegate.swift in Sources */ = {isa = PBXBuildFile; fileRef = 48D75A402C64A10000BADE70 /* AppDelegate.swift */; };
		48D75A432C64A28900BADE70 /* Persistence.swift in Sources */ = {isa = PBXBuildFile; fileRef = 48D75A422C64A28900BADE70 /* Persistence.swift */; };
		48F9124B2C58E50500A95E2D /* Test.swift in Sources */ = {isa = PBXBuildFile; fileRef = 48F9124A2C58E50500A95E2D /* Test.swift */; };
		48FDE32E2C4E2053007016C9 /* Table.swift in Sources */ = {isa = PBXBuildFile; fileRef = 48FDE32D2C4E2053007016C9 /* Table.swift */; };
		48FDE3302C4E36F8007016C9 /* Emp.swift in Sources */ = {isa = PBXBuildFile; fileRef = 48FDE32F2C4E36F8007016C9 /* Emp.swift */; };
		48FDE3352C4E37A4007016C9 /* WorkList.swift in Sources */ = {isa = PBXBuildFile; fileRef = 48FDE3342C4E37A4007016C9 /* WorkList.swift */; };
		48FDE33F2C50EF9F007016C9 /* cameraaccess.swift in Sources */ = {isa = PBXBuildFile; fileRef = 48FDE33E2C50EF9F007016C9 /* cameraaccess.swift */; };
/* End PBXBuildFile section */

/* Begin PBXContainerItemProxy section */
		481D0B942C4A385F0012EF2D /* PBXContainerItemProxy */ = {
			isa = PBXContainerItemProxy;
			containerPortal = 481D0B7B2C4A385D0012EF2D /* Project object */;
			proxyType = 1;
			remoteGlobalIDString = 481D0B822C4A385D0012EF2D;
			remoteInfo = "PWD Drishti";
		};
		481D0B9E2C4A385F0012EF2D /* PBXContainerItemProxy */ = {
			isa = PBXContainerItemProxy;
			containerPortal = 481D0B7B2C4A385D0012EF2D /* Project object */;
			proxyType = 1;
			remoteGlobalIDString = 481D0B822C4A385D0012EF2D;
			remoteInfo = "PWD Drishti";
		};
/* End PBXContainerItemProxy section */

/* Begin PBXFileReference section */
		481D0B832C4A385D0012EF2D /* PWD Drishti.app */ = {isa = PBXFileReference; explicitFileType = wrapper.application; includeInIndex = 0; path = "PWD Drishti.app"; sourceTree = BUILT_PRODUCTS_DIR; };
		481D0B862C4A385D0012EF2D /* PWD_DrishtiApp.swift */ = {isa = PBXFileReference; lastKnownFileType = sourcecode.swift; path = PWD_DrishtiApp.swift; sourceTree = "<group>"; };
		481D0B882C4A385D0012EF2D /* ContentView.swift */ = {isa = PBXFileReference; lastKnownFileType = sourcecode.swift; path = ContentView.swift; sourceTree = "<group>"; };
		481D0B8A2C4A385F0012EF2D /* Assets.xcassets */ = {isa = PBXFileReference; lastKnownFileType = folder.assetcatalog; path = Assets.xcassets; sourceTree = "<group>"; };
		481D0B8D2C4A385F0012EF2D /* Preview Assets.xcassets */ = {isa = PBXFileReference; lastKnownFileType = folder.assetcatalog; path = "Preview Assets.xcassets"; sourceTree = "<group>"; };
		481D0B932C4A385F0012EF2D /* PWD DrishtiTests.xctest */ = {isa = PBXFileReference; explicitFileType = wrapper.cfbundle; includeInIndex = 0; path = "PWD DrishtiTests.xctest"; sourceTree = BUILT_PRODUCTS_DIR; };
		481D0B972C4A385F0012EF2D /* PWD_DrishtiTests.swift */ = {isa = PBXFileReference; lastKnownFileType = sourcecode.swift; path = PWD_DrishtiTests.swift; sourceTree = "<group>"; };
		481D0B9D2C4A385F0012EF2D /* PWD DrishtiUITests.xctest */ = {isa = PBXFileReference; explicitFileType = wrapper.cfbundle; includeInIndex = 0; path = "PWD DrishtiUITests.xctest"; sourceTree = BUILT_PRODUCTS_DIR; };
		481D0BA12C4A385F0012EF2D /* PWD_DrishtiUITests.swift */ = {isa = PBXFileReference; lastKnownFileType = sourcecode.swift; path = PWD_DrishtiUITests.swift; sourceTree = "<group>"; };
		481D0BA32C4A385F0012EF2D /* PWD_DrishtiUITestsLaunchTests.swift */ = {isa = PBXFileReference; lastKnownFileType = sourcecode.swift; path = PWD_DrishtiUITestsLaunchTests.swift; sourceTree = "<group>"; };
		48D75A372C638CD100BADE70 /* Demo.swift */ = {isa = PBXFileReference; lastKnownFileType = sourcecode.swift; path = Demo.swift; sourceTree = "<group>"; };
		48D75A3E2C64A07500BADE70 /* Location.xcdatamodel */ = {isa = PBXFileReference; lastKnownFileType = wrapper.xcdatamodel; path = Location.xcdatamodel; sourceTree = "<group>"; };
		48D75A402C64A10000BADE70 /* AppDelegate.swift */ = {isa = PBXFileReference; lastKnownFileType = sourcecode.swift; path = AppDelegate.swift; sourceTree = "<group>"; };
		48D75A422C64A28900BADE70 /* Persistence.swift */ = {isa = PBXFileReference; lastKnownFileType = sourcecode.swift; path = Persistence.swift; sourceTree = "<group>"; };
		48F9124A2C58E50500A95E2D /* Test.swift */ = {isa = PBXFileReference; lastKnownFileType = sourcecode.swift; path = Test.swift; sourceTree = "<group>"; };
		48FDE32D2C4E2053007016C9 /* Table.swift */ = {isa = PBXFileReference; lastKnownFileType = sourcecode.swift; path = Table.swift; sourceTree = "<group>"; };
		48FDE32F2C4E36F8007016C9 /* Emp.swift */ = {isa = PBXFileReference; lastKnownFileType = sourcecode.swift; path = Emp.swift; sourceTree = "<group>"; };
		48FDE3342C4E37A4007016C9 /* WorkList.swift */ = {isa = PBXFileReference; lastKnownFileType = sourcecode.swift; path = WorkList.swift; sourceTree = "<group>"; };
		48FDE33E2C50EF9F007016C9 /* cameraaccess.swift */ = {isa = PBXFileReference; lastKnownFileType = sourcecode.swift; path = cameraaccess.swift; sourceTree = "<group>"; };
		48FDE3402C5232AB007016C9 /* PWD-Drishti-Info.plist */ = {isa = PBXFileReference; lastKnownFileType = text.plist; path = "PWD-Drishti-Info.plist"; sourceTree = SOURCE_ROOT; };
/* End PBXFileReference section */

/* Begin PBXFrameworksBuildPhase section */
		481D0B802C4A385D0012EF2D /* Frameworks */ = {
			isa = PBXFrameworksBuildPhase;
			buildActionMask = 2147483647;
			files = (
			);
			runOnlyForDeploymentPostprocessing = 0;
		};
		481D0B902C4A385F0012EF2D /* Frameworks */ = {
			isa = PBXFrameworksBuildPhase;
			buildActionMask = 2147483647;
			files = (
			);
			runOnlyForDeploymentPostprocessing = 0;
		};
		481D0B9A2C4A385F0012EF2D /* Frameworks */ = {
			isa = PBXFrameworksBuildPhase;
			buildActionMask = 2147483647;
			files = (
			);
			runOnlyForDeploymentPostprocessing = 0;
		};
/* End PBXFrameworksBuildPhase section */

/* Begin PBXGroup section */
		481D0B7A2C4A385D0012EF2D = {
			isa = PBXGroup;
			children = (
				481D0B852C4A385D0012EF2D /* PWD Drishti */,
				481D0B962C4A385F0012EF2D /* PWD DrishtiTests */,
				481D0BA02C4A385F0012EF2D /* PWD DrishtiUITests */,
				481D0B842C4A385D0012EF2D /* Products */,
			);
			sourceTree = "<group>";
		};
		481D0B842C4A385D0012EF2D /* Products */ = {
			isa = PBXGroup;
			children = (
				481D0B832C4A385D0012EF2D /* PWD Drishti.app */,
				481D0B932C4A385F0012EF2D /* PWD DrishtiTests.xctest */,
				481D0B9D2C4A385F0012EF2D /* PWD DrishtiUITests.xctest */,
			);
			name = Products;
			sourceTree = "<group>";
		};
		481D0B852C4A385D0012EF2D /* PWD Drishti */ = {
			isa = PBXGroup;
			children = (
				48FDE3402C5232AB007016C9 /* PWD-Drishti-Info.plist */,
				481D0B862C4A385D0012EF2D /* PWD_DrishtiApp.swift */,
				481D0B882C4A385D0012EF2D /* ContentView.swift */,
				48FDE32D2C4E2053007016C9 /* Table.swift */,
				48D75A3D2C64A07500BADE70 /* Location.xcdatamodeld */,
				48FDE33E2C50EF9F007016C9 /* cameraaccess.swift */,
				481D0B8A2C4A385F0012EF2D /* Assets.xcassets */,
				481D0B8C2C4A385F0012EF2D /* Preview Content */,
				48FDE32F2C4E36F8007016C9 /* Emp.swift */,
				48FDE3342C4E37A4007016C9 /* WorkList.swift */,
				48D75A402C64A10000BADE70 /* AppDelegate.swift */,
				48D75A422C64A28900BADE70 /* Persistence.swift */,
				48F9124A2C58E50500A95E2D /* Test.swift */,
				48D75A372C638CD100BADE70 /* Demo.swift */,
			);
			path = "PWD Drishti";
			sourceTree = "<group>";
		};
		481D0B8C2C4A385F0012EF2D /* Preview Content */ = {
			isa = PBXGroup;
			children = (
				481D0B8D2C4A385F0012EF2D /* Preview Assets.xcassets */,
			);
			path = "Preview Content";
			sourceTree = "<group>";
		};
		481D0B962C4A385F0012EF2D /* PWD DrishtiTests */ = {
			isa = PBXGroup;
			children = (
				481D0B972C4A385F0012EF2D /* PWD_DrishtiTests.swift */,
			);
			path = "PWD DrishtiTests";
			sourceTree = "<group>";
		};
		481D0BA02C4A385F0012EF2D /* PWD DrishtiUITests */ = {
			isa = PBXGroup;
			children = (
				481D0BA12C4A385F0012EF2D /* PWD_DrishtiUITests.swift */,
				481D0BA32C4A385F0012EF2D /* PWD_DrishtiUITestsLaunchTests.swift */,
			);
			path = "PWD DrishtiUITests";
			sourceTree = "<group>";
		};
/* End PBXGroup section */

/* Begin PBXNativeTarget section */
		481D0B822C4A385D0012EF2D /* PWD Drishti */ = {
			isa = PBXNativeTarget;
			buildConfigurationList = 481D0BA72C4A385F0012EF2D /* Build configuration list for PBXNativeTarget "PWD Drishti" */;
			buildPhases = (
				481D0B7F2C4A385D0012EF2D /* Sources */,
				481D0B802C4A385D0012EF2D /* Frameworks */,
				481D0B812C4A385D0012EF2D /* Resources */,
			);
			buildRules = (
			);
			dependencies = (
			);
			name = "PWD Drishti";
			productName = "PWD Drishti";
			productReference = 481D0B832C4A385D0012EF2D /* PWD Drishti.app */;
			productType = "com.apple.product-type.application";
		};
		481D0B922C4A385F0012EF2D /* PWD DrishtiTests */ = {
			isa = PBXNativeTarget;
			buildConfigurationList = 481D0BAA2C4A385F0012EF2D /* Build configuration list for PBXNativeTarget "PWD DrishtiTests" */;
			buildPhases = (
				481D0B8F2C4A385F0012EF2D /* Sources */,
				481D0B902C4A385F0012EF2D /* Frameworks */,
				481D0B912C4A385F0012EF2D /* Resources */,
			);
			buildRules = (
			);
			dependencies = (
				481D0B952C4A385F0012EF2D /* PBXTargetDependency */,
			);
			name = "PWD DrishtiTests";
			productName = "PWD DrishtiTests";
			productReference = 481D0B932C4A385F0012EF2D /* PWD DrishtiTests.xctest */;
			productType = "com.apple.product-type.bundle.unit-test";
		};
		481D0B9C2C4A385F0012EF2D /* PWD DrishtiUITests */ = {
			isa = PBXNativeTarget;
			buildConfigurationList = 481D0BAD2C4A385F0012EF2D /* Build configuration list for PBXNativeTarget "PWD DrishtiUITests" */;
			buildPhases = (
				481D0B992C4A385F0012EF2D /* Sources */,
				481D0B9A2C4A385F0012EF2D /* Frameworks */,
				481D0B9B2C4A385F0012EF2D /* Resources */,
			);
			buildRules = (
			);
			dependencies = (
				481D0B9F2C4A385F0012EF2D /* PBXTargetDependency */,
			);
			name = "PWD DrishtiUITests";
			productName = "PWD DrishtiUITests";
			productReference = 481D0B9D2C4A385F0012EF2D /* PWD DrishtiUITests.xctest */;
			productType = "com.apple.product-type.bundle.ui-testing";
		};
/* End PBXNativeTarget section */

/* Begin PBXProject section */
		481D0B7B2C4A385D0012EF2D /* Project object */ = {
			isa = PBXProject;
			attributes = {
				BuildIndependentTargetsInParallel = 1;
				LastSwiftUpdateCheck = 1540;
				LastUpgradeCheck = 1540;
				TargetAttributes = {
					481D0B822C4A385D0012EF2D = {
						CreatedOnToolsVersion = 15.4;
					};
					481D0B922C4A385F0012EF2D = {
						CreatedOnToolsVersion = 15.4;
						TestTargetID = 481D0B822C4A385D0012EF2D;
					};
					481D0B9C2C4A385F0012EF2D = {
						CreatedOnToolsVersion = 15.4;
						TestTargetID = 481D0B822C4A385D0012EF2D;
					};
				};
			};
			buildConfigurationList = 481D0B7E2C4A385D0012EF2D /* Build configuration list for PBXProject "PWD Drishti" */;
			compatibilityVersion = "Xcode 14.0";
			developmentRegion = en;
			hasScannedForEncodings = 0;
			knownRegions = (
				en,
				Base,
			);
			mainGroup = 481D0B7A2C4A385D0012EF2D;
			productRefGroup = 481D0B842C4A385D0012EF2D /* Products */;
			projectDirPath = "";
			projectRoot = "";
			targets = (
				481D0B822C4A385D0012EF2D /* PWD Drishti */,
				481D0B922C4A385F0012EF2D /* PWD DrishtiTests */,
				481D0B9C2C4A385F0012EF2D /* PWD DrishtiUITests */,
			);
		};
/* End PBXProject section */

/* Begin PBXResourcesBuildPhase section */
		481D0B812C4A385D0012EF2D /* Resources */ = {
			isa = PBXResourcesBuildPhase;
			buildActionMask = 2147483647;
			files = (
				481D0B8E2C4A385F0012EF2D /* Preview Assets.xcassets in Resources */,
				481D0B8B2C4A385F0012EF2D /* Assets.xcassets in Resources */,
			);
			runOnlyForDeploymentPostprocessing = 0;
		};
		481D0B912C4A385F0012EF2D /* Resources */ = {
			isa = PBXResourcesBuildPhase;
			buildActionMask = 2147483647;
			files = (
			);
			runOnlyForDeploymentPostprocessing = 0;
		};
		481D0B9B2C4A385F0012EF2D /* Resources */ = {
			isa = PBXResourcesBuildPhase;
			buildActionMask = 2147483647;
			files = (
			);
			runOnlyForDeploymentPostprocessing = 0;
		};
/* End PBXResourcesBuildPhase section */

/* Begin PBXSourcesBuildPhase section */
		481D0B7F2C4A385D0012EF2D /* Sources */ = {
			isa = PBXSourcesBuildPhase;
			buildActionMask = 2147483647;
			files = (
				48D75A432C64A28900BADE70 /* Persistence.swift in Sources */,
				48FDE32E2C4E2053007016C9 /* Table.swift in Sources */,
				48D75A382C638CD100BADE70 /* Demo.swift in Sources */,
				48FDE3352C4E37A4007016C9 /* WorkList.swift in Sources */,
				481D0B892C4A385D0012EF2D /* ContentView.swift in Sources */,
				48D75A3F2C64A07500BADE70 /* Location.xcdatamodeld in Sources */,
				48F9124B2C58E50500A95E2D /* Test.swift in Sources */,
				481D0B872C4A385D0012EF2D /* PWD_DrishtiApp.swift in Sources */,
				48FDE33F2C50EF9F007016C9 /* cameraaccess.swift in Sources */,
				48D75A412C64A10100BADE70 /* AppDelegate.swift in Sources */,
				48FDE3302C4E36F8007016C9 /* Emp.swift in Sources */,
			);
			runOnlyForDeploymentPostprocessing = 0;
		};
		481D0B8F2C4A385F0012EF2D /* Sources */ = {
			isa = PBXSourcesBuildPhase;
			buildActionMask = 2147483647;
			files = (
				481D0B982C4A385F0012EF2D /* PWD_DrishtiTests.swift in Sources */,
			);
			runOnlyForDeploymentPostprocessing = 0;
		};
		481D0B992C4A385F0012EF2D /* Sources */ = {
			isa = PBXSourcesBuildPhase;
			buildActionMask = 2147483647;
			files = (
				481D0BA42C4A385F0012EF2D /* PWD_DrishtiUITestsLaunchTests.swift in Sources */,
				481D0BA22C4A385F0012EF2D /* PWD_DrishtiUITests.swift in Sources */,
			);
			runOnlyForDeploymentPostprocessing = 0;
		};
/* End PBXSourcesBuildPhase section */

/* Begin PBXTargetDependency section */
		481D0B952C4A385F0012EF2D /* PBXTargetDependency */ = {
			isa = PBXTargetDependency;
			target = 481D0B822C4A385D0012EF2D /* PWD Drishti */;
			targetProxy = 481D0B942C4A385F0012EF2D /* PBXContainerItemProxy */;
		};
		481D0B9F2C4A385F0012EF2D /* PBXTargetDependency */ = {
			isa = PBXTargetDependency;
			target = 481D0B822C4A385D0012EF2D /* PWD Drishti */;
			targetProxy = 481D0B9E2C4A385F0012EF2D /* PBXContainerItemProxy */;
		};
/* End PBXTargetDependency section */

/* Begin XCBuildConfiguration section */
		481D0BA52C4A385F0012EF2D /* Debug */ = {
			isa = XCBuildConfiguration;
			buildSettings = {
				ALWAYS_SEARCH_USER_PATHS = NO;
				ASSETCATALOG_COMPILER_GENERATE_SWIFT_ASSET_SYMBOL_EXTENSIONS = YES;
				CLANG_ANALYZER_NONNULL = YES;
				CLANG_ANALYZER_NUMBER_OBJECT_CONVERSION = YES_AGGRESSIVE;
				CLANG_CXX_LANGUAGE_STANDARD = "gnu++20";
				CLANG_ENABLE_MODULES = YES;
				CLANG_ENABLE_OBJC_ARC = YES;
				CLANG_ENABLE_OBJC_WEAK = YES;
				CLANG_WARN_BLOCK_CAPTURE_AUTORELEASING = YES;
				CLANG_WARN_BOOL_CONVERSION = YES;
				CLANG_WARN_COMMA = YES;
				CLANG_WARN_CONSTANT_CONVERSION = YES;
				CLANG_WARN_DEPRECATED_OBJC_IMPLEMENTATIONS = YES;
				CLANG_WARN_DIRECT_OBJC_ISA_USAGE = YES_ERROR;
				CLANG_WARN_DOCUMENTATION_COMMENTS = YES;
				CLANG_WARN_EMPTY_BODY = YES;
				CLANG_WARN_ENUM_CONVERSION = YES;
				CLANG_WARN_INFINITE_RECURSION = YES;
				CLANG_WARN_INT_CONVERSION = YES;
				CLANG_WARN_NON_LITERAL_NULL_CONVERSION = YES;
				CLANG_WARN_OBJC_IMPLICIT_RETAIN_SELF = YES;
				CLANG_WARN_OBJC_LITERAL_CONVERSION = YES;
				CLANG_WARN_OBJC_ROOT_CLASS = YES_ERROR;
				CLANG_WARN_QUOTED_INCLUDE_IN_FRAMEWORK_HEADER = YES;
				CLANG_WARN_RANGE_LOOP_ANALYSIS = YES;
				CLANG_WARN_STRICT_PROTOTYPES = YES;
				CLANG_WARN_SUSPICIOUS_MOVE = YES;
				CLANG_WARN_UNGUARDED_AVAILABILITY = YES_AGGRESSIVE;
				CLANG_WARN_UNREACHABLE_CODE = YES;
				CLANG_WARN__DUPLICATE_METHOD_MATCH = YES;
				COPY_PHASE_STRIP = NO;
				DEBUG_INFORMATION_FORMAT = dwarf;
				ENABLE_STRICT_OBJC_MSGSEND = YES;
				ENABLE_TESTABILITY = YES;
				ENABLE_USER_SCRIPT_SANDBOXING = YES;
				GCC_C_LANGUAGE_STANDARD = gnu17;
				GCC_DYNAMIC_NO_PIC = NO;
				GCC_NO_COMMON_BLOCKS = YES;
				GCC_OPTIMIZATION_LEVEL = 0;
				GCC_PREPROCESSOR_DEFINITIONS = (
					"DEBUG=1",
					"$(inherited)",
				);
				GCC_WARN_64_TO_32_BIT_CONVERSION = YES;
				GCC_WARN_ABOUT_RETURN_TYPE = YES_ERROR;
				GCC_WARN_UNDECLARED_SELECTOR = YES;
				GCC_WARN_UNINITIALIZED_AUTOS = YES_AGGRESSIVE;
				GCC_WARN_UNUSED_FUNCTION = YES;
				GCC_WARN_UNUSED_VARIABLE = YES;
				IPHONEOS_DEPLOYMENT_TARGET = 17.5;
				LOCALIZATION_PREFERS_STRING_CATALOGS = YES;
				MTL_ENABLE_DEBUG_INFO = INCLUDE_SOURCE;
				MTL_FAST_MATH = YES;
				ONLY_ACTIVE_ARCH = YES;
				SDKROOT = iphoneos;
				SWIFT_ACTIVE_COMPILATION_CONDITIONS = "DEBUG $(inherited)";
				SWIFT_OPTIMIZATION_LEVEL = "-Onone";
			};
			name = Debug;
		};
		481D0BA62C4A385F0012EF2D /* Release */ = {
			isa = XCBuildConfiguration;
			buildSettings = {
				ALWAYS_SEARCH_USER_PATHS = NO;
				ASSETCATALOG_COMPILER_GENERATE_SWIFT_ASSET_SYMBOL_EXTENSIONS = YES;
				CLANG_ANALYZER_NONNULL = YES;
				CLANG_ANALYZER_NUMBER_OBJECT_CONVERSION = YES_AGGRESSIVE;
				CLANG_CXX_LANGUAGE_STANDARD = "gnu++20";
				CLANG_ENABLE_MODULES = YES;
				CLANG_ENABLE_OBJC_ARC = YES;
				CLANG_ENABLE_OBJC_WEAK = YES;
				CLANG_WARN_BLOCK_CAPTURE_AUTORELEASING = YES;
				CLANG_WARN_BOOL_CONVERSION = YES;
				CLANG_WARN_COMMA = YES;
				CLANG_WARN_CONSTANT_CONVERSION = YES;
				CLANG_WARN_DEPRECATED_OBJC_IMPLEMENTATIONS = YES;
				CLANG_WARN_DIRECT_OBJC_ISA_USAGE = YES_ERROR;
				CLANG_WARN_DOCUMENTATION_COMMENTS = YES;
				CLANG_WARN_EMPTY_BODY = YES;
				CLANG_WARN_ENUM_CONVERSION = YES;
				CLANG_WARN_INFINITE_RECURSION = YES;
				CLANG_WARN_INT_CONVERSION = YES;
				CLANG_WARN_NON_LITERAL_NULL_CONVERSION = YES;
				CLANG_WARN_OBJC_IMPLICIT_RETAIN_SELF = YES;
				CLANG_WARN_OBJC_LITERAL_CONVERSION = YES;
				CLANG_WARN_OBJC_ROOT_CLASS = YES_ERROR;
				CLANG_WARN_QUOTED_INCLUDE_IN_FRAMEWORK_HEADER = YES;
				CLANG_WARN_RANGE_LOOP_ANALYSIS = YES;
				CLANG_WARN_STRICT_PROTOTYPES = YES;
				CLANG_WARN_SUSPICIOUS_MOVE = YES;
				CLANG_WARN_UNGUARDED_AVAILABILITY = YES_AGGRESSIVE;
				CLANG_WARN_UNREACHABLE_CODE = YES;
				CLANG_WARN__DUPLICATE_METHOD_MATCH = YES;
				COPY_PHASE_STRIP = NO;
				DEBUG_INFORMATION_FORMAT = "dwarf-with-dsym";
				ENABLE_NS_ASSERTIONS = NO;
				ENABLE_STRICT_OBJC_MSGSEND = YES;
				ENABLE_USER_SCRIPT_SANDBOXING = YES;
				GCC_C_LANGUAGE_STANDARD = gnu17;
				GCC_NO_COMMON_BLOCKS = YES;
				GCC_WARN_64_TO_32_BIT_CONVERSION = YES;
				GCC_WARN_ABOUT_RETURN_TYPE = YES_ERROR;
				GCC_WARN_UNDECLARED_SELECTOR = YES;
				GCC_WARN_UNINITIALIZED_AUTOS = YES_AGGRESSIVE;
				GCC_WARN_UNUSED_FUNCTION = YES;
				GCC_WARN_UNUSED_VARIABLE = YES;
				IPHONEOS_DEPLOYMENT_TARGET = 17.5;
				LOCALIZATION_PREFERS_STRING_CATALOGS = YES;
				MTL_ENABLE_DEBUG_INFO = NO;
				MTL_FAST_MATH = YES;
				SDKROOT = iphoneos;
				SWIFT_COMPILATION_MODE = wholemodule;
				VALIDATE_PRODUCT = YES;
			};
			name = Release;
		};
		481D0BA82C4A385F0012EF2D /* Debug */ = {
			isa = XCBuildConfiguration;
			buildSettings = {
				ASSETCATALOG_COMPILER_APPICON_NAME = AppIcon;
				ASSETCATALOG_COMPILER_GLOBAL_ACCENT_COLOR_NAME = AccentColor;
				CODE_SIGN_STYLE = Automatic;
				CURRENT_PROJECT_VERSION = 1;
				DEVELOPMENT_ASSET_PATHS = "\"PWD Drishti/Preview Content\"";
				DEVELOPMENT_TEAM = J282N8828P;
				ENABLE_PREVIEWS = YES;
				GENERATE_INFOPLIST_FILE = YES;
				INFOPLIST_FILE = "PWD-Drishti-Info.plist";
				INFOPLIST_KEY_NSCameraUsageDescription = "This app need to capture iamge.";
				INFOPLIST_KEY_NSLocationAlwaysAndWhenInUseUsageDescription = "This app require to access device location.";
				INFOPLIST_KEY_NSLocationWhenInUseUsageDescription = "This app require to access device location.";
				INFOPLIST_KEY_NSPhotoLibraryUsageDescription = "This app requires photo library usage";
				INFOPLIST_KEY_UIApplicationSceneManifest_Generation = YES;
				INFOPLIST_KEY_UIApplicationSupportsIndirectInputEvents = YES;
				INFOPLIST_KEY_UILaunchScreen_Generation = YES;
				INFOPLIST_KEY_UISupportedInterfaceOrientations_iPad = "UIInterfaceOrientationPortrait UIInterfaceOrientationPortraitUpsideDown UIInterfaceOrientationLandscapeLeft UIInterfaceOrientationLandscapeRight";
				INFOPLIST_KEY_UISupportedInterfaceOrientations_iPhone = "UIInterfaceOrientationPortrait UIInterfaceOrientationLandscapeLeft UIInterfaceOrientationLandscapeRight";
				LD_RUNPATH_SEARCH_PATHS = (
					"$(inherited)",
					"@executable_path/Frameworks",
				);
				MARKETING_VERSION = 1.0;
				PRODUCT_BUNDLE_IDENTIFIER = "com.chips.pwd.PWD-DrishtiApp";
				PRODUCT_NAME = "$(TARGET_NAME)";
				SUPPORTED_PLATFORMS = "iphoneos iphonesimulator";
				SUPPORTS_MACCATALYST = NO;
				SUPPORTS_MAC_DESIGNED_FOR_IPHONE_IPAD = NO;
				SUPPORTS_XR_DESIGNED_FOR_IPHONE_IPAD = NO;
				SWIFT_EMIT_LOC_STRINGS = YES;
				SWIFT_VERSION = 5.0;
				TARGETED_DEVICE_FAMILY = "1,2";
			};
			name = Debug;
		};
		481D0BA92C4A385F0012EF2D /* Release */ = {
			isa = XCBuildConfiguration;
			buildSettings = {
				ASSETCATALOG_COMPILER_APPICON_NAME = AppIcon;
				ASSETCATALOG_COMPILER_GLOBAL_ACCENT_COLOR_NAME = AccentColor;
				CODE_SIGN_STYLE = Automatic;
				CURRENT_PROJECT_VERSION = 1;
				DEVELOPMENT_ASSET_PATHS = "\"PWD Drishti/Preview Content\"";
				DEVELOPMENT_TEAM = J282N8828P;
				ENABLE_PREVIEWS = YES;
				GENERATE_INFOPLIST_FILE = YES;
				INFOPLIST_FILE = "PWD-Drishti-Info.plist";
				INFOPLIST_KEY_NSCameraUsageDescription = "This app need to capture iamge.";
				INFOPLIST_KEY_NSLocationAlwaysAndWhenInUseUsageDescription = "This app require to access device location.";
				INFOPLIST_KEY_NSLocationWhenInUseUsageDescription = "This app require to access device location.";
				INFOPLIST_KEY_NSPhotoLibraryUsageDescription = "This app requires photo library usage";
				INFOPLIST_KEY_UIApplicationSceneManifest_Generation = YES;
				INFOPLIST_KEY_UIApplicationSupportsIndirectInputEvents = YES;
				INFOPLIST_KEY_UILaunchScreen_Generation = YES;
				INFOPLIST_KEY_UISupportedInterfaceOrientations_iPad = "UIInterfaceOrientationPortrait UIInterfaceOrientationPortraitUpsideDown UIInterfaceOrientationLandscapeLeft UIInterfaceOrientationLandscapeRight";
				INFOPLIST_KEY_UISupportedInterfaceOrientations_iPhone = "UIInterfaceOrientationPortrait UIInterfaceOrientationLandscapeLeft UIInterfaceOrientationLandscapeRight";
				LD_RUNPATH_SEARCH_PATHS = (
					"$(inherited)",
					"@executable_path/Frameworks",
				);
				MARKETING_VERSION = 1.0;
				PRODUCT_BUNDLE_IDENTIFIER = "com.chips.pwd.PWD-DrishtiApp";
				PRODUCT_NAME = "$(TARGET_NAME)";
				SUPPORTED_PLATFORMS = "iphoneos iphonesimulator";
				SUPPORTS_MACCATALYST = NO;
				SUPPORTS_MAC_DESIGNED_FOR_IPHONE_IPAD = NO;
				SUPPORTS_XR_DESIGNED_FOR_IPHONE_IPAD = NO;
				SWIFT_EMIT_LOC_STRINGS = YES;
				SWIFT_VERSION = 5.0;
				TARGETED_DEVICE_FAMILY = "1,2";
			};
			name = Release;
		};
		481D0BAB2C4A385F0012EF2D /* Debug */ = {
			isa = XCBuildConfiguration;
			buildSettings = {
				ALWAYS_EMBED_SWIFT_STANDARD_LIBRARIES = YES;
				BUNDLE_LOADER = "$(TEST_HOST)";
				CODE_SIGN_STYLE = Automatic;
				CURRENT_PROJECT_VERSION = 1;
				GENERATE_INFOPLIST_FILE = YES;
				IPHONEOS_DEPLOYMENT_TARGET = 17.5;
				MARKETING_VERSION = 1.0;
				PRODUCT_BUNDLE_IDENTIFIER = "com.chips.pwd.PWD-DrishtiTests";
				PRODUCT_NAME = "$(TARGET_NAME)";
				SWIFT_EMIT_LOC_STRINGS = NO;
				SWIFT_VERSION = 5.0;
				TARGETED_DEVICE_FAMILY = "1,2";
				TEST_HOST = "$(BUILT_PRODUCTS_DIR)/PWD Drishti.app/$(BUNDLE_EXECUTABLE_FOLDER_PATH)/PWD Drishti";
			};
			name = Debug;
		};
		481D0BAC2C4A385F0012EF2D /* Release */ = {
			isa = XCBuildConfiguration;
			buildSettings = {
				ALWAYS_EMBED_SWIFT_STANDARD_LIBRARIES = YES;
				BUNDLE_LOADER = "$(TEST_HOST)";
				CODE_SIGN_STYLE = Automatic;
				CURRENT_PROJECT_VERSION = 1;
				GENERATE_INFOPLIST_FILE = YES;
				IPHONEOS_DEPLOYMENT_TARGET = 17.5;
				MARKETING_VERSION = 1.0;
				PRODUCT_BUNDLE_IDENTIFIER = "com.chips.pwd.PWD-DrishtiTests";
				PRODUCT_NAME = "$(TARGET_NAME)";
				SWIFT_EMIT_LOC_STRINGS = NO;
				SWIFT_VERSION = 5.0;
				TARGETED_DEVICE_FAMILY = "1,2";
				TEST_HOST = "$(BUILT_PRODUCTS_DIR)/PWD Drishti.app/$(BUNDLE_EXECUTABLE_FOLDER_PATH)/PWD Drishti";
			};
			name = Release;
		};
		481D0BAE2C4A385F0012EF2D /* Debug */ = {
			isa = XCBuildConfiguration;
			buildSettings = {
				ALWAYS_EMBED_SWIFT_STANDARD_LIBRARIES = YES;
				CODE_SIGN_STYLE = Automatic;
				CURRENT_PROJECT_VERSION = 1;
				GENERATE_INFOPLIST_FILE = YES;
				MARKETING_VERSION = 1.0;
				PRODUCT_BUNDLE_IDENTIFIER = "com.chips.pwd.PWD-DrishtiUITests";
				PRODUCT_NAME = "$(TARGET_NAME)";
				SWIFT_EMIT_LOC_STRINGS = NO;
				SWIFT_VERSION = 5.0;
				TARGETED_DEVICE_FAMILY = "1,2";
				TEST_TARGET_NAME = "PWD Drishti";
			};
			name = Debug;
		};
		481D0BAF2C4A385F0012EF2D /* Release */ = {
			isa = XCBuildConfiguration;
			buildSettings = {
				ALWAYS_EMBED_SWIFT_STANDARD_LIBRARIES = YES;
				CODE_SIGN_STYLE = Automatic;
				CURRENT_PROJECT_VERSION = 1;
				GENERATE_INFOPLIST_FILE = YES;
				MARKETING_VERSION = 1.0;
				PRODUCT_BUNDLE_IDENTIFIER = "com.chips.pwd.PWD-DrishtiUITests";
				PRODUCT_NAME = "$(TARGET_NAME)";
				SWIFT_EMIT_LOC_STRINGS = NO;
				SWIFT_VERSION = 5.0;
				TARGETED_DEVICE_FAMILY = "1,2";
				TEST_TARGET_NAME = "PWD Drishti";
			};
			name = Release;
		};
/* End XCBuildConfiguration section */

/* Begin XCConfigurationList section */
		481D0B7E2C4A385D0012EF2D /* Build configuration list for PBXProject "PWD Drishti" */ = {
			isa = XCConfigurationList;
			buildConfigurations = (
				481D0BA52C4A385F0012EF2D /* Debug */,
				481D0BA62C4A385F0012EF2D /* Release */,
			);
			defaultConfigurationIsVisible = 0;
			defaultConfigurationName = Release;
		};
		481D0BA72C4A385F0012EF2D /* Build configuration list for PBXNativeTarget "PWD Drishti" */ = {
			isa = XCConfigurationList;
			buildConfigurations = (
				481D0BA82C4A385F0012EF2D /* Debug */,
				481D0BA92C4A385F0012EF2D /* Release */,
			);
			defaultConfigurationIsVisible = 0;
			defaultConfigurationName = Release;
		};
		481D0BAA2C4A385F0012EF2D /* Build configuration list for PBXNativeTarget "PWD DrishtiTests" */ = {
			isa = XCConfigurationList;
			buildConfigurations = (
				481D0BAB2C4A385F0012EF2D /* Debug */,
				481D0BAC2C4A385F0012EF2D /* Release */,
			);
			defaultConfigurationIsVisible = 0;
			defaultConfigurationName = Release;
		};
		481D0BAD2C4A385F0012EF2D /* Build configuration list for PBXNativeTarget "PWD DrishtiUITests" */ = {
			isa = XCConfigurationList;
			buildConfigurations = (
				481D0BAE2C4A385F0012EF2D /* Debug */,
				481D0BAF2C4A385F0012EF2D /* Release */,
			);
			defaultConfigurationIsVisible = 0;
			defaultConfigurationName = Release;
		};
/* End XCConfigurationList section */

/* Begin XCVersionGroup section */
		48D75A3D2C64A07500BADE70 /* Location.xcdatamodeld */ = {
			isa = XCVersionGroup;
			children = (
				48D75A3E2C64A07500BADE70 /* Location.xcdatamodel */,
			);
			currentVersion = 48D75A3E2C64A07500BADE70 /* Location.xcdatamodel */;
			name = Location.xcdatamodeld;
			path = "/Users/aditya/Documents/iOS WS/PWD Drishti/PWD Drishti/Location.xcdatamodeld";
			sourceTree = "<group>";
			versionGroupType = wrapper.xcdatamodel;
		};
/* End XCVersionGroup section */
	};
	rootObject = 481D0B7B2C4A385D0012EF2D /* Project object */;
}
